{
    "name": "monokai-orange",
    "version": "0.1.8",
    "lockfileVersion": 2,
    "requires": true,
    "packages": {
        "": {
            "name": "monokai-orange",
            "version": "0.1.8",
            "license": "MIT",
            "engines": {
                "vscode": "^1.31.0"
            }
        }
    }
}
